{
  "name": "backend",
  "lockfileVersion": 2,
  "requires": true,
  "packages": {
    "": {
      "dependencies": {
        "card-validator": "^9.1.0"
      }
    },
    "node_modules/card-validator": {
      "version": "9.1.0",
      "resolved": "https://registry.npmjs.org/card-validator/-/card-validator-9.1.0.tgz",
      "integrity": "sha512-MhqRKw8Q83qMppvDlkQ37ojocCaRR/hQzklIW7OabT5uQKS/5uDuqdXI6CbQ6uf+Zlc8rmzl7wVo4aw5uWFK9w==",
      "dependencies": {
        "credit-card-type": "^9.1.0"
      }
    },
    "node_modules/credit-card-type": {
      "version": "9.1.0",
      "resolved": "https://registry.npmjs.org/credit-card-type/-/credit-card-type-9.1.0.tgz",
      "integrity": "sha512-CpNFuLxiPFxuZqhSKml3M+t0K/484pMAnfYWH14JoD7OZMnmC0Lmo+P7JX9SobqFpRoo7ifA18kOHdxJywYPEA=="
    }
  },
  "dependencies": {
    "card-validator": {
      "version": "9.1.0",
      "resolved": "https://registry.npmjs.org/card-validator/-/card-validator-9.1.0.tgz",
      "integrity": "sha512-MhqRKw8Q83qMppvDlkQ37ojocCaRR/hQzklIW7OabT5uQKS/5uDuqdXI6CbQ6uf+Zlc8rmzl7wVo4aw5uWFK9w==",
      "requires": {
        "credit-card-type": "^9.1.0"
      }
    },
    "credit-card-type": {
      "version": "9.1.0",
      "resolved": "https://registry.npmjs.org/credit-card-type/-/credit-card-type-9.1.0.tgz",
      "integrity": "sha512-CpNFuLxiPFxuZqhSKml3M+t0K/484pMAnfYWH14JoD7OZMnmC0Lmo+P7JX9SobqFpRoo7ifA18kOHdxJywYPEA=="
    }
  }
}
